
Microsoft Visual Studio Solution File, Format Version 12.00
# Visual Studio Version 17
VisualStudioVersion = 17.12.35527.113 d17.12
MinimumVisualStudioVersion = 10.0.40219.1
Project("{FAE04EC0-301F-11D3-BF4B-00C04F79EFBC}") = "Patikafy Music Platform", "Patikafy Music Platform\Patikafy Music Platform.csproj", "{5A56A3AE-89D0-45BD-8B4C-FF2E4A554F89}"
EndProject
Global
	GlobalSection(SolutionConfigurationPlatforms) = preSolution
		Debug|Any CPU = Debug|Any CPU
		Release|Any CPU = Release|Any CPU
	EndGlobalSection
	GlobalSection(ProjectConfigurationPlatforms) = postSolution
		{5A56A3AE-89D0-45BD-8B4C-FF2E4A554F89}.Debug|Any CPU.ActiveCfg = Debug|Any CPU
		{5A56A3AE-89D0-45BD-8B4C-FF2E4A554F89}.Debug|Any CPU.Build.0 = Debug|Any CPU
		{5A56A3AE-89D0-45BD-8B4C-FF2E4A554F89}.Release|Any CPU.ActiveCfg = Release|Any CPU
		{5A56A3AE-89D0-45BD-8B4C-FF2E4A554F89}.Release|Any CPU.Build.0 = Release|Any CPU
	EndGlobalSection
	GlobalSection(SolutionProperties) = preSolution
		HideSolutionNode = FALSE
	EndGlobalSection
EndGlobal
